// !$*UTF8*$!
{
	archiveVersion = 1;
	classes = {
	};
	objectVersion = 48;
	objects = {

/* Begin PBXBuildFile section */
		7007DC201FC54A0C00F9AD79 /* AppDelegate.swift in Sources */ = {isa = PBXBuildFile; fileRef = 7007DC1F1FC54A0C00F9AD79 /* AppDelegate.swift */; };
		7007DC221FC54A0C00F9AD79 /* ViewController.swift in Sources */ = {isa = PBXBuildFile; fileRef = 7007DC211FC54A0C00F9AD79 /* ViewController.swift */; };
		7007DC251FC54A0C00F9AD79 /* Main.storyboard in Resources */ = {isa = PBXBuildFile; fileRef = 7007DC231FC54A0C00F9AD79 /* Main.storyboard */; };
		7007DC271FC54A0C00F9AD79 /* Assets.xcassets in Resources */ = {isa = PBXBuildFile; fileRef = 7007DC261FC54A0C00F9AD79 /* Assets.xcassets */; };
		7007DC2A1FC54A0C00F9AD79 /* LaunchScreen.storyboard in Resources */ = {isa = PBXBuildFile; fileRef = 7007DC281FC54A0C00F9AD79 /* LaunchScreen.storyboard */; };
		7007DC351FC54A0C00F9AD79 /* TestGitTests.swift in Sources */ = {isa = PBXBuildFile; fileRef = 7007DC341FC54A0C00F9AD79 /* TestGitTests.swift */; };
		7007DC401FC54A0C00F9AD79 /* TestGitUITests.swift in Sources */ = {isa = PBXBuildFile; fileRef = 7007DC3F1FC54A0C00F9AD79 /* TestGitUITests.swift */; };
/* End PBXBuildFile section */

/* Begin PBXContainerItemProxy section */
		7007DC311FC54A0C00F9AD79 /* PBXContainerItemProxy */ = {
			isa = PBXContainerItemProxy;
			containerPortal = 7007DC141FC54A0C00F9AD79 /* Project object */;
			proxyType = 1;
			remoteGlobalIDString = 7007DC1B1FC54A0C00F9AD79;
			remoteInfo = TestGit;
		};
		7007DC3C1FC54A0C00F9AD79 /* PBXContainerItemProxy */ = {
			isa = PBXContainerItemProxy;
			containerPortal = 7007DC141FC54A0C00F9AD79 /* Project object */;
			proxyType = 1;
			remoteGlobalIDString = 7007DC1B1FC54A0C00F9AD79;
			remoteInfo = TestGit;
		};
/* End PBXContainerItemProxy section */

/* Begin PBXFileReference section */
		7007DC1C1FC54A0C00F9AD79 /* TestGit.app */ = {isa = PBXFileReference; explicitFileType = wrapper.application; includeInIndex = 0; path = TestGit.app; sourceTree = BUILT_PRODUCTS_DIR; };
		7007DC1F1FC54A0C00F9AD79 /* AppDelegate.swift */ = {isa = PBXFileReference; lastKnownFileType = sourcecode.swift; path = AppDelegate.swift; sourceTree = "<group>"; };
		7007DC211FC54A0C00F9AD79 /* ViewController.swift */ = {isa = PBXFileReference; lastKnownFileType = sourcecode.swift; path = ViewController.swift; sourceTree = "<group>"; };
		7007DC241FC54A0C00F9AD79 /* Base */ = {isa = PBXFileReference; lastKnownFileType = file.storyboard; name = Base; path = Base.lproj/Main.storyboard; sourceTree = "<group>"; };
		7007DC261FC54A0C00F9AD79 /* Assets.xcassets */ = {isa = PBXFileReference; lastKnownFileType = folder.assetcatalog; path = Assets.xcassets; sourceTree = "<group>"; };
		7007DC291FC54A0C00F9AD79 /* Base */ = {isa = PBXFileReference; lastKnownFileType = file.storyboard; name = Base; path = Base.lproj/LaunchScreen.storyboard; sourceTree = "<group>"; };
		7007DC2B1FC54A0C00F9AD79 /* Info.plist */ = {isa = PBXFileReference; lastKnownFileType = text.plist.xml; path = Info.plist; sourceTree = "<group>"; };
		7007DC301FC54A0C00F9AD79 /* TestGitTests.xctest */ = {isa = PBXFileReference; explicitFileType = wrapper.cfbundle; includeInIndex = 0; path = TestGitTests.xctest; sourceTree = BUILT_PRODUCTS_DIR; };
		7007DC341FC54A0C00F9AD79 /* TestGitTests.swift */ = {isa = PBXFileReference; lastKnownFileType = sourcecode.swift; path = TestGitTests.swift; sourceTree = "<group>"; };
		7007DC361FC54A0C00F9AD79 /* Info.plist */ = {isa = PBXFileReference; lastKnownFileType = text.plist.xml; path = Info.plist; sourceTree = "<group>"; };
		7007DC3B1FC54A0C00F9AD79 /* TestGitUITests.xctest */ = {isa = PBXFileReference; explicitFileType = wrapper.cfbundle; includeInIndex = 0; path = TestGitUITests.xctest; sourceTree = BUILT_PRODUCTS_DIR; };
		7007DC3F1FC54A0C00F9AD79 /* TestGitUITests.swift */ = {isa = PBXFileReference; lastKnownFileType = sourcecode.swift; path = TestGitUITests.swift; sourceTree = "<group>"; };
		7007DC411FC54A0C00F9AD79 /* Info.plist */ = {isa = PBXFileReference; lastKnownFileType = text.plist.xml; path = Info.plist; sourceTree = "<group>"; };
/* End PBXFileReference section */

/* Begin PBXFrameworksBuildPhase section */
		7007DC191FC54A0C00F9AD79 /* Frameworks */ = {
			isa = PBXFrameworksBuildPhase;
			buildActionMask = 2147483647;
			files = (
			);
			runOnlyForDeploymentPostprocessing = 0;
		};
		7007DC2D1FC54A0C00F9AD79 /* Frameworks */ = {
			isa = PBXFrameworksBuildPhase;
			buildActionMask = 2147483647;
			files = (
			);
			runOnlyForDeploymentPostprocessing = 0;
		};
		7007DC381FC54A0C00F9AD79 /* Frameworks */ = {
			isa = PBXFrameworksBuildPhase;
			buildActionMask = 2147483647;
			files = (
			);
			runOnlyForDeploymentPostprocessing = 0;
		};
/* End PBXFrameworksBuildPhase section */

/* Begin PBXGroup section */
		7007DC131FC54A0C00F9AD79 = {
			isa = PBXGroup;
			children = (
				7007DC1E1FC54A0C00F9AD79 /* TestGit */,
				7007DC331FC54A0C00F9AD79 /* TestGitTests */,
				7007DC3E1FC54A0C00F9AD79 /* TestGitUITests */,
				7007DC1D1FC54A0C00F9AD79 /* Products */,
			);
			sourceTree = "<group>";
		};
		7007DC1D1FC54A0C00F9AD79 /* Products */ = {
			isa = PBXGroup;
			children = (
				7007DC1C1FC54A0C00F9AD79 /* TestGit.app */,
				7007DC301FC54A0C00F9AD79 /* TestGitTests.xctest */,
				7007DC3B1FC54A0C00F9AD79 /* TestGitUITests.xctest */,
			);
			name = Products;
			sourceTree = "<group>";
		};
		7007DC1E1FC54A0C00F9AD79 /* TestGit */ = {
			isa = PBXGroup;
			children = (
				7007DC1F1FC54A0C00F9AD79 /* AppDelegate.swift */,
				7007DC211FC54A0C00F9AD79 /* ViewController.swift */,
				7007DC231FC54A0C00F9AD79 /* Main.storyboard */,
				7007DC261FC54A0C00F9AD79 /* Assets.xcassets */,
				7007DC281FC54A0C00F9AD79 /* LaunchScreen.storyboard */,
				7007DC2B1FC54A0C00F9AD79 /* Info.plist */,
			);
			path = TestGit;
			sourceTree = "<group>";
		};
		7007DC331FC54A0C00F9AD79 /* TestGitTests */ = {
			isa = PBXGroup;
			children = (
				7007DC341FC54A0C00F9AD79 /* TestGitTests.swift */,
				7007DC361FC54A0C00F9AD79 /* Info.plist */,
			);
			path = TestGitTests;
			sourceTree = "<group>";
		};
		7007DC3E1FC54A0C00F9AD79 /* TestGitUITests */ = {
			isa = PBXGroup;
			children = (
				7007DC3F1FC54A0C00F9AD79 /* TestGitUITests.swift */,
				7007DC411FC54A0C00F9AD79 /* Info.plist */,
			);
			path = TestGitUITests;
			sourceTree = "<group>";
		};
/* End PBXGroup section */

/* Begin PBXNativeTarget section */
		7007DC1B1FC54A0C00F9AD79 /* TestGit */ = {
			isa = PBXNativeTarget;
			buildConfigurationList = 7007DC441FC54A0C00F9AD79 /* Build configuration list for PBXNativeTarget "TestGit" */;
			buildPhases = (
				7007DC181FC54A0C00F9AD79 /* Sources */,
				7007DC191FC54A0C00F9AD79 /* Frameworks */,
				7007DC1A1FC54A0C00F9AD79 /* Resources */,
			);
			buildRules = (
			);
			dependencies = (
			);
			name = TestGit;
			productName = TestGit;
			productReference = 7007DC1C1FC54A0C00F9AD79 /* TestGit.app */;
			productType = "com.apple.product-type.application";
		};
		7007DC2F1FC54A0C00F9AD79 /* TestGitTests */ = {
			isa = PBXNativeTarget;
			buildConfigurationList = 7007DC471FC54A0C00F9AD79 /* Build configuration list for PBXNativeTarget "TestGitTests" */;
			buildPhases = (
				7007DC2C1FC54A0C00F9AD79 /* Sources */,
				7007DC2D1FC54A0C00F9AD79 /* Frameworks */,
				7007DC2E1FC54A0C00F9AD79 /* Resources */,
			);
			buildRules = (
			);
			dependencies = (
				7007DC321FC54A0C00F9AD79 /* PBXTargetDependency */,
			);
			name = TestGitTests;
			productName = TestGitTests;
			productReference = 7007DC301FC54A0C00F9AD79 /* TestGitTests.xctest */;
			productType = "com.apple.product-type.bundle.unit-test";
		};
		7007DC3A1FC54A0C00F9AD79 /* TestGitUITests */ = {
			isa = PBXNativeTarget;
			buildConfigurationList = 7007DC4A1FC54A0C00F9AD79 /* Build configuration list for PBXNativeTarget "TestGitUITests" */;
			buildPhases = (
				7007DC371FC54A0C00F9AD79 /* Sources */,
				7007DC381FC54A0C00F9AD79 /* Frameworks */,
				7007DC391FC54A0C00F9AD79 /* Resources */,
			);
			buildRules = (
			);
			dependencies = (
				7007DC3D1FC54A0C00F9AD79 /* PBXTargetDependency */,
			);
			name = TestGitUITests;
			productName = TestGitUITests;
			productReference = 7007DC3B1FC54A0C00F9AD79 /* TestGitUITests.xctest */;
			productType = "com.apple.product-type.bundle.ui-testing";
		};
/* End PBXNativeTarget section */

/* Begin PBXProject section */
		7007DC141FC54A0C00F9AD79 /* Project object */ = {
			isa = PBXProject;
			attributes = {
				LastSwiftUpdateCheck = 0900;
				LastUpgradeCheck = 0900;
				ORGANIZATIONNAME = "MMI Holdings";
				TargetAttributes = {
					7007DC1B1FC54A0C00F9AD79 = {
						CreatedOnToolsVersion = 9.0;
						ProvisioningStyle = Automatic;
					};
					7007DC2F1FC54A0C00F9AD79 = {
						CreatedOnToolsVersion = 9.0;
						ProvisioningStyle = Automatic;
						TestTargetID = 7007DC1B1FC54A0C00F9AD79;
					};
					7007DC3A1FC54A0C00F9AD79 = {
						CreatedOnToolsVersion = 9.0;
						ProvisioningStyle = Automatic;
						TestTargetID = 7007DC1B1FC54A0C00F9AD79;
					};
				};
			};
			buildConfigurationList = 7007DC171FC54A0C00F9AD79 /* Build configuration list for PBXProject "TestGit" */;
			compatibilityVersion = "Xcode 8.0";
			developmentRegion = en;
			hasScannedForEncodings = 0;
			knownRegions = (
				en,
				Base,
			);
			mainGroup = 7007DC131FC54A0C00F9AD79;
			productRefGroup = 7007DC1D1FC54A0C00F9AD79 /* Products */;
			projectDirPath = "";
			projectRoot = "";
			targets = (
				7007DC1B1FC54A0C00F9AD79 /* TestGit */,
				7007DC2F1FC54A0C00F9AD79 /* TestGitTests */,
				7007DC3A1FC54A0C00F9AD79 /* TestGitUITests */,
			);
		};
/* End PBXProject section */

/* Begin PBXResourcesBuildPhase section */
		7007DC1A1FC54A0C00F9AD79 /* Resources */ = {
			isa = PBXResourcesBuildPhase;
			buildActionMask = 2147483647;
			files = (
				7007DC2A1FC54A0C00F9AD79 /* LaunchScreen.storyboard in Resources */,
				7007DC271FC54A0C00F9AD79 /* Assets.xcassets in Resources */,
				7007DC251FC54A0C00F9AD79 /* Main.storyboard in Resources */,
			);
			runOnlyForDeploymentPostprocessing = 0;
		};
		7007DC2E1FC54A0C00F9AD79 /* Resources */ = {
			isa = PBXResourcesBuildPhase;
			buildActionMask = 2147483647;
			files = (
			);
			runOnlyForDeploymentPostprocessing = 0;
		};
		7007DC391FC54A0C00F9AD79 /* Resources */ = {
			isa = PBXResourcesBuildPhase;
			buildActionMask = 2147483647;
			files = (
			);
			runOnlyForDeploymentPostprocessing = 0;
		};
/* End PBXResourcesBuildPhase section */

/* Begin PBXSourcesBuildPhase section */
		7007DC181FC54A0C00F9AD79 /* Sources */ = {
			isa = PBXSourcesBuildPhase;
			buildActionMask = 2147483647;
			files = (
				7007DC221FC54A0C00F9AD79 /* ViewController.swift in Sources */,
				7007DC201FC54A0C00F9AD79 /* AppDelegate.swift in Sources */,
			);
			runOnlyForDeploymentPostprocessing = 0;
		};
		7007DC2C1FC54A0C00F9AD79 /* Sources */ = {
			isa = PBXSourcesBuildPhase;
			buildActionMask = 2147483647;
			files = (
				7007DC351FC54A0C00F9AD79 /* TestGitTests.swift in Sources */,
			);
			runOnlyForDeploymentPostprocessing = 0;
		};
		7007DC371FC54A0C00F9AD79 /* Sources */ = {
			isa = PBXSourcesBuildPhase;
			buildActionMask = 2147483647;
			files = (
				7007DC401FC54A0C00F9AD79 /* TestGitUITests.swift in Sources */,
			);
			runOnlyForDeploymentPostprocessing = 0;
		};
/* End PBXSourcesBuildPhase section */

/* Begin PBXTargetDependency section */
		7007DC321FC54A0C00F9AD79 /* PBXTargetDependency */ = {
			isa = PBXTargetDependency;
			target = 7007DC1B1FC54A0C00F9AD79 /* TestGit */;
			targetProxy = 7007DC311FC54A0C00F9AD79 /* PBXContainerItemProxy */;
		};
		7007DC3D1FC54A0C00F9AD79 /* PBXTargetDependency */ = {
			isa = PBXTargetDependency;
			target = 7007DC1B1FC54A0C00F9AD79 /* TestGit */;
			targetProxy = 7007DC3C1FC54A0C00F9AD79 /* PBXContainerItemProxy */;
		};
/* End PBXTargetDependency section */

/* Begin PBXVariantGroup section */
		7007DC231FC54A0C00F9AD79 /* Main.storyboard */ = {
			isa = PBXVariantGroup;
			children = (
				7007DC241FC54A0C00F9AD79 /* Base */,
			);
			name = Main.storyboard;
			sourceTree = "<group>";
		};
		7007DC281FC54A0C00F9AD79 /* LaunchScreen.storyboard */ = {
			isa = PBXVariantGroup;
			children = (
				7007DC291FC54A0C00F9AD79 /* Base */,
			);
			name = LaunchScreen.storyboard;
			sourceTree = "<group>";
		};
/* End PBXVariantGroup section */

/* Begin XCBuildConfiguration section */
		7007DC421FC54A0C00F9AD79 /* Debug */ = {
			isa = XCBuildConfiguration;
			buildSettings = {
				ALWAYS_SEARCH_USER_PATHS = NO;
				CLANG_ANALYZER_NONNULL = YES;
				CLANG_ANALYZER_NUMBER_OBJECT_CONVERSION = YES_AGGRESSIVE;
				CLANG_CXX_LANGUAGE_STANDARD = "gnu++14";
				CLANG_CXX_LIBRARY = "libc++";
				CLANG_ENABLE_MODULES = YES;
				CLANG_ENABLE_OBJC_ARC = YES;
				CLANG_WARN_BLOCK_CAPTURE_AUTORELEASING = YES;
				CLANG_WARN_BOOL_CONVERSION = YES;
				CLANG_WARN_COMMA = YES;
				CLANG_WARN_CONSTANT_CONVERSION = YES;
				CLANG_WARN_DIRECT_OBJC_ISA_USAGE = YES_ERROR;
				CLANG_WARN_DOCUMENTATION_COMMENTS = YES;
				CLANG_WARN_EMPTY_BODY = YES;
				CLANG_WARN_ENUM_CONVERSION = YES;
				CLANG_WARN_INFINITE_RECURSION = YES;
				CLANG_WARN_INT_CONVERSION = YES;
				CLANG_WARN_NON_LITERAL_NULL_CONVERSION = YES;
				CLANG_WARN_OBJC_LITERAL_CONVERSION = YES;
				CLANG_WARN_OBJC_ROOT_CLASS = YES_ERROR;
				CLANG_WARN_RANGE_LOOP_ANALYSIS = YES;
				CLANG_WARN_STRICT_PROTOTYPES = YES;
				CLANG_WARN_SUSPICIOUS_MOVE = YES;
				CLANG_WARN_UNGUARDED_AVAILABILITY = YES_AGGRESSIVE;
				CLANG_WARN_UNREACHABLE_CODE = YES;
				CLANG_WARN__DUPLICATE_METHOD_MATCH = YES;
				CODE_SIGN_IDENTITY = "iPhone Developer";
				COPY_PHASE_STRIP = NO;
				DEBUG_INFORMATION_FORMAT = dwarf;
				ENABLE_STRICT_OBJC_MSGSEND = YES;
				ENABLE_TESTABILITY = YES;
				GCC_C_LANGUAGE_STANDARD = gnu11;
				GCC_DYNAMIC_NO_PIC = NO;
				GCC_NO_COMMON_BLOCKS = YES;
				GCC_OPTIMIZATION_LEVEL = 0;
				GCC_PREPROCESSOR_DEFINITIONS = (
					"DEBUG=1",
					"$(inherited)",
				);
				GCC_WARN_64_TO_32_BIT_CONVERSION = YES;
				GCC_WARN_ABOUT_RETURN_TYPE = YES_ERROR;
				GCC_WARN_UNDECLARED_SELECTOR = YES;
				GCC_WARN_UNINITIALIZED_AUTOS = YES_AGGRESSIVE;
				GCC_WARN_UNUSED_FUNCTION = YES;
				GCC_WARN_UNUSED_VARIABLE = YES;
				IPHONEOS_DEPLOYMENT_TARGET = 11.0;
				MTL_ENABLE_DEBUG_INFO = YES;
				ONLY_ACTIVE_ARCH = YES;
				SDKROOT = iphoneos;
				SWIFT_ACTIVE_COMPILATION_CONDITIONS = DEBUG;
				SWIFT_OPTIMIZATION_LEVEL = "-Onone";
			};
			name = Debug;
		};
		7007DC431FC54A0C00F9AD79 /* Release */ = {
			isa = XCBuildConfiguration;
			buildSettings = {
				ALWAYS_SEARCH_USER_PATHS = NO;
				CLANG_ANALYZER_NONNULL = YES;
				CLANG_ANALYZER_NUMBER_OBJECT_CONVERSION = YES_AGGRESSIVE;
				CLANG_CXX_LANGUAGE_STANDARD = "gnu++14";
				CLANG_CXX_LIBRARY = "libc++";
				CLANG_ENABLE_MODULES = YES;
				CLANG_ENABLE_OBJC_ARC = YES;
				CLANG_WARN_BLOCK_CAPTURE_AUTORELEASING = YES;
				CLANG_WARN_BOOL_CONVERSION = YES;
				CLANG_WARN_COMMA = YES;
				CLANG_WARN_CONSTANT_CONVERSION = YES;
				CLANG_WARN_DIRECT_OBJC_ISA_USAGE = YES_ERROR;
				CLANG_WARN_DOCUMENTATION_COMMENTS = YES;
				CLANG_WARN_EMPTY_BODY = YES;
				CLANG_WARN_ENUM_CONVERSION = YES;
				CLANG_WARN_INFINITE_RECURSION = YES;
				CLANG_WARN_INT_CONVERSION = YES;
				CLANG_WARN_NON_LITERAL_NULL_CONVERSION = YES;
				CLANG_WARN_OBJC_LITERAL_CONVERSION = YES;
				CLANG_WARN_OBJC_ROOT_CLASS = YES_ERROR;
				CLANG_WARN_RANGE_LOOP_ANALYSIS = YES;
				CLANG_WARN_STRICT_PROTOTYPES = YES;
				CLANG_WARN_SUSPICIOUS_MOVE = YES;
				CLANG_WARN_UNGUARDED_AVAILABILITY = YES_AGGRESSIVE;
				CLANG_WARN_UNREACHABLE_CODE = YES;
				CLANG_WARN__DUPLICATE_METHOD_MATCH = YES;
				CODE_SIGN_IDENTITY = "iPhone Developer";
				COPY_PHASE_STRIP = NO;
				DEBUG_INFORMATION_FORMAT = "dwarf-with-dsym";
				ENABLE_NS_ASSERTIONS = NO;
				ENABLE_STRICT_OBJC_MSGSEND = YES;
				GCC_C_LANGUAGE_STANDARD = gnu11;
				GCC_NO_COMMON_BLOCKS = YES;
				GCC_WARN_64_TO_32_BIT_CONVERSION = YES;
				GCC_WARN_ABOUT_RETURN_TYPE = YES_ERROR;
				GCC_WARN_UNDECLARED_SELECTOR = YES;
				GCC_WARN_UNINITIALIZED_AUTOS = YES_AGGRESSIVE;
				GCC_WARN_UNUSED_FUNCTION = YES;
				GCC_WARN_UNUSED_VARIABLE = YES;
				IPHONEOS_DEPLOYMENT_TARGET = 11.0;
				MTL_ENABLE_DEBUG_INFO = NO;
				SDKROOT = iphoneos;
				SWIFT_OPTIMIZATION_LEVEL = "-Owholemodule";
				VALIDATE_PRODUCT = YES;
			};
			name = Release;
		};
		7007DC451FC54A0C00F9AD79 /* Debug */ = {
			isa = XCBuildConfiguration;
			buildSettings = {
				ASSETCATALOG_COMPILER_APPICON_NAME = AppIcon;
				CODE_SIGN_STYLE = Automatic;
				DEVELOPMENT_TEAM = F35ERD8S26;
				INFOPLIST_FILE = TestGit/Info.plist;
				LD_RUNPATH_SEARCH_PATHS = "$(inherited) @executable_path/Frameworks";
				PRODUCT_BUNDLE_IDENTIFIER = com.mmiholdings.TestGit;
				PRODUCT_NAME = "$(TARGET_NAME)";
				SWIFT_VERSION = 4.0;
				TARGETED_DEVICE_FAMILY = "1,2";
			};
			name = Debug;
		};
		7007DC461FC54A0C00F9AD79 /* Release */ = {
			isa = XCBuildConfiguration;
			buildSettings = {
				ASSETCATALOG_COMPILER_APPICON_NAME = AppIcon;
				CODE_SIGN_STYLE = Automatic;
				DEVELOPMENT_TEAM = F35ERD8S26;
				INFOPLIST_FILE = TestGit/Info.plist;
				LD_RUNPATH_SEARCH_PATHS = "$(inherited) @executable_path/Frameworks";
				PRODUCT_BUNDLE_IDENTIFIER = com.mmiholdings.TestGit;
				PRODUCT_NAME = "$(TARGET_NAME)";
				SWIFT_VERSION = 4.0;
				TARGETED_DEVICE_FAMILY = "1,2";
			};
			name = Release;
		};
		7007DC481FC54A0C00F9AD79 /* Debug */ = {
			isa = XCBuildConfiguration;
			buildSettings = {
				ALWAYS_EMBED_SWIFT_STANDARD_LIBRARIES = YES;
				BUNDLE_LOADER = "$(TEST_HOST)";
				CODE_SIGN_STYLE = Automatic;
				DEVELOPMENT_TEAM = F35ERD8S26;
				INFOPLIST_FILE = TestGitTests/Info.plist;
				LD_RUNPATH_SEARCH_PATHS = "$(inherited) @executable_path/Frameworks @loader_path/Frameworks";
				PRODUCT_BUNDLE_IDENTIFIER = com.mmiholdings.TestGitTests;
				PRODUCT_NAME = "$(TARGET_NAME)";
				SWIFT_VERSION = 4.0;
				TARGETED_DEVICE_FAMILY = "1,2";
				TEST_HOST = "$(BUILT_PRODUCTS_DIR)/TestGit.app/TestGit";
			};
			name = Debug;
		};
		7007DC491FC54A0C00F9AD79 /* Release */ = {
			isa = XCBuildConfiguration;
			buildSettings = {
				ALWAYS_EMBED_SWIFT_STANDARD_LIBRARIES = YES;
				BUNDLE_LOADER = "$(TEST_HOST)";
				CODE_SIGN_STYLE = Automatic;
				DEVELOPMENT_TEAM = F35ERD8S26;
				INFOPLIST_FILE = TestGitTests/Info.plist;
				LD_RUNPATH_SEARCH_PATHS = "$(inherited) @executable_path/Frameworks @loader_path/Frameworks";
				PRODUCT_BUNDLE_IDENTIFIER = com.mmiholdings.TestGitTests;
				PRODUCT_NAME = "$(TARGET_NAME)";
				SWIFT_VERSION = 4.0;
				TARGETED_DEVICE_FAMILY = "1,2";
				TEST_HOST = "$(BUILT_PRODUCTS_DIR)/TestGit.app/TestGit";
			};
			name = Release;
		};
		7007DC4B1FC54A0C00F9AD79 /* Debug */ = {
			isa = XCBuildConfiguration;
			buildSettings = {
				ALWAYS_EMBED_SWIFT_STANDARD_LIBRARIES = YES;
				CODE_SIGN_STYLE = Automatic;
				DEVELOPMENT_TEAM = F35ERD8S26;
				INFOPLIST_FILE = TestGitUITests/Info.plist;
				LD_RUNPATH_SEARCH_PATHS = "$(inherited) @executable_path/Frameworks @loader_path/Frameworks";
				PRODUCT_BUNDLE_IDENTIFIER = com.mmiholdings.TestGitUITests;
				PRODUCT_NAME = "$(TARGET_NAME)";
				SWIFT_VERSION = 4.0;
				TARGETED_DEVICE_FAMILY = "1,2";
				TEST_TARGET_NAME = TestGit;
			};
			name = Debug;
		};
		7007DC4C1FC54A0C00F9AD79 /* Release */ = {
			isa = XCBuildConfiguration;
			buildSettings = {
				ALWAYS_EMBED_SWIFT_STANDARD_LIBRARIES = YES;
				CODE_SIGN_STYLE = Automatic;
				DEVELOPMENT_TEAM = F35ERD8S26;
				INFOPLIST_FILE = TestGitUITests/Info.plist;
				LD_RUNPATH_SEARCH_PATHS = "$(inherited) @executable_path/Frameworks @loader_path/Frameworks";
				PRODUCT_BUNDLE_IDENTIFIER = com.mmiholdings.TestGitUITests;
				PRODUCT_NAME = "$(TARGET_NAME)";
				SWIFT_VERSION = 4.0;
				TARGETED_DEVICE_FAMILY = "1,2";
				TEST_TARGET_NAME = TestGit;
			};
			name = Release;
		};
/* End XCBuildConfiguration section */

/* Begin XCConfigurationList section */
		7007DC171FC54A0C00F9AD79 /* Build configuration list for PBXProject "TestGit" */ = {
			isa = XCConfigurationList;
			buildConfigurations = (
				7007DC421FC54A0C00F9AD79 /* Debug */,
				7007DC431FC54A0C00F9AD79 /* Release */,
			);
			defaultConfigurationIsVisible = 0;
			defaultConfigurationName = Release;
		};
		7007DC441FC54A0C00F9AD79 /* Build configuration list for PBXNativeTarget "TestGit" */ = {
			isa = XCConfigurationList;
			buildConfigurations = (
				7007DC451FC54A0C00F9AD79 /* Debug */,
				7007DC461FC54A0C00F9AD79 /* Release */,
			);
			defaultConfigurationIsVisible = 0;
			defaultConfigurationName = Release;
		};
		7007DC471FC54A0C00F9AD79 /* Build configuration list for PBXNativeTarget "TestGitTests" */ = {
			isa = XCConfigurationList;
			buildConfigurations = (
				7007DC481FC54A0C00F9AD79 /* Debug */,
				7007DC491FC54A0C00F9AD79 /* Release */,
			);
			defaultConfigurationIsVisible = 0;
			defaultConfigurationName = Release;
		};
		7007DC4A1FC54A0C00F9AD79 /* Build configuration list for PBXNativeTarget "TestGitUITests" */ = {
			isa = XCConfigurationList;
			buildConfigurations = (
				7007DC4B1FC54A0C00F9AD79 /* Debug */,
				7007DC4C1FC54A0C00F9AD79 /* Release */,
			);
			defaultConfigurationIsVisible = 0;
			defaultConfigurationName = Release;
		};
/* End XCConfigurationList section */
	};
	rootObject = 7007DC141FC54A0C00F9AD79 /* Project object */;
}
